// !$*UTF8*$!
{
	archiveVersion = 1;
	classes = {
	};
	objectVersion = 46;
	objects = {

/* Begin PBXBuildFile section */
		5DB1EF98171B90CD00B1690B /* main.cpp in Sources */ = {isa = PBXBuildFile; fileRef = 5DB1EF97171B90CD00B1690B /* main.cpp */; };
		5DB1EF9A171B90CD00B1690B /* call_by_reference.1 in CopyFiles */ = {isa = PBXBuildFile; fileRef = 5DB1EF99171B90CD00B1690B /* call_by_reference.1 */; };
/* End PBXBuildFile section */

/* Begin PBXCopyFilesBuildPhase section */
		5DB1EF92171B90CD00B1690B /* CopyFiles */ = {
			isa = PBXCopyFilesBuildPhase;
			buildActionMask = 2147483647;
			dstPath = /usr/share/man/man1/;
			dstSubfolderSpec = 0;
			files = (
				5DB1EF9A171B90CD00B1690B /* call_by_reference.1 in CopyFiles */,
			);
			runOnlyForDeploymentPostprocessing = 1;
		};
/* End PBXCopyFilesBuildPhase section */

/* Begin PBXFileReference section */
		5DB1EF94171B90CD00B1690B /* call-by-reference */ = {isa = PBXFileReference; explicitFileType = "compiled.mach-o.executable"; includeInIndex = 0; path = "call-by-reference"; sourceTree = BUILT_PRODUCTS_DIR; };
		5DB1EF97171B90CD00B1690B /* main.cpp */ = {isa = PBXFileReference; lastKnownFileType = sourcecode.cpp.cpp; path = main.cpp; sourceTree = "<group>"; };
		5DB1EF99171B90CD00B1690B /* call_by_reference.1 */ = {isa = PBXFileReference; lastKnownFileType = text.man; path = call_by_reference.1; sourceTree = "<group>"; };
/* End PBXFileReference section */

/* Begin PBXFrameworksBuildPhase section */
		5DB1EF91171B90CD00B1690B /* Frameworks */ = {
			isa = PBXFrameworksBuildPhase;
			buildActionMask = 2147483647;
			files = (
			);
			runOnlyForDeploymentPostprocessing = 0;
		};
/* End PBXFrameworksBuildPhase section */

/* Begin PBXGroup section */
		5DB1EF8B171B90CD00B1690B = {
			isa = PBXGroup;
			children = (
				5DB1EF96171B90CD00B1690B /* call-by-reference */,
				5DB1EF95171B90CD00B1690B /* Products */,
			);
			sourceTree = "<group>";
		};
		5DB1EF95171B90CD00B1690B /* Products */ = {
			isa = PBXGroup;
			children = (
				5DB1EF94171B90CD00B1690B /* call-by-reference */,
			);
			name = Products;
			sourceTree = "<group>";
		};
		5DB1EF96171B90CD00B1690B /* call-by-reference */ = {
			isa = PBXGroup;
			children = (
				5DB1EF97171B90CD00B1690B /* main.cpp */,
				5DB1EF99171B90CD00B1690B /* call_by_reference.1 */,
			);
			path = "call-by-reference";
			sourceTree = "<group>";
		};
/* End PBXGroup section */

/* Begin PBXNativeTarget section */
		5DB1EF93171B90CD00B1690B /* call-by-reference */ = {
			isa = PBXNativeTarget;
			buildConfigurationList = 5DB1EF9D171B90CD00B1690B /* Build configuration list for PBXNativeTarget "call-by-reference" */;
			buildPhases = (
				5DB1EF90171B90CD00B1690B /* Sources */,
				5DB1EF91171B90CD00B1690B /* Frameworks */,
				5DB1EF92171B90CD00B1690B /* CopyFiles */,
			);
			buildRules = (
			);
			dependencies = (
			);
			name = "call-by-reference";
			productName = "call-by-reference";
			productReference = 5DB1EF94171B90CD00B1690B /* call-by-reference */;
			productType = "com.apple.product-type.tool";
		};
/* End PBXNativeTarget section */

/* Begin PBXProject section */
		5DB1EF8C171B90CD00B1690B /* Project object */ = {
			isa = PBXProject;
			attributes = {
				LastUpgradeCheck = 0460;
				ORGANIZATIONNAME = "Nick Monaco";
			};
			buildConfigurationList = 5DB1EF8F171B90CD00B1690B /* Build configuration list for PBXProject "call-by-reference" */;
			compatibilityVersion = "Xcode 3.2";
			developmentRegion = English;
			hasScannedForEncodings = 0;
			knownRegions = (
				en,
			);
			mainGroup = 5DB1EF8B171B90CD00B1690B;
			productRefGroup = 5DB1EF95171B90CD00B1690B /* Products */;
			projectDirPath = "";
			projectRoot = "";
			targets = (
				5DB1EF93171B90CD00B1690B /* call-by-reference */,
			);
		};
/* End PBXProject section */

/* Begin PBXSourcesBuildPhase section */
		5DB1EF90171B90CD00B1690B /* Sources */ = {
			isa = PBXSourcesBuildPhase;
			buildActionMask = 2147483647;
			files = (
				5DB1EF98171B90CD00B1690B /* main.cpp in Sources */,
			);
			runOnlyForDeploymentPostprocessing = 0;
		};
/* End PBXSourcesBuildPhase section */

/* Begin XCBuildConfiguration section */
		5DB1EF9B171B90CD00B1690B /* Debug */ = {
			isa = XCBuildConfiguration;
			buildSettings = {
				ALWAYS_SEARCH_USER_PATHS = NO;
				ARCHS = "$(ARCHS_STANDARD_64_BIT)";
				CLANG_CXX_LANGUAGE_STANDARD = "gnu++0x";
				CLANG_CXX_LIBRARY = "libc++";
				CLANG_WARN_CONSTANT_CONVERSION = YES;
				CLANG_WARN_EMPTY_BODY = YES;
				CLANG_WARN_ENUM_CONVERSION = YES;
				CLANG_WARN_INT_CONVERSION = YES;
				CLANG_WARN__DUPLICATE_METHOD_MATCH = YES;
				COPY_PHASE_STRIP = NO;
				GCC_C_LANGUAGE_STANDARD = gnu99;
				GCC_DYNAMIC_NO_PIC = NO;
				GCC_ENABLE_OBJC_EXCEPTIONS = YES;
				GCC_OPTIMIZATION_LEVEL = 0;
				GCC_PREPROCESSOR_DEFINITIONS = (
					"DEBUG=1",
					"$(inherited)",
				);
				GCC_SYMBOLS_PRIVATE_EXTERN = NO;
				GCC_WARN_64_TO_32_BIT_CONVERSION = YES;
				GCC_WARN_ABOUT_RETURN_TYPE = YES;
				GCC_WARN_UNINITIALIZED_AUTOS = YES;
				GCC_WARN_UNUSED_VARIABLE = YES;
				MACOSX_DEPLOYMENT_TARGET = 10.7;
				ONLY_ACTIVE_ARCH = YES;
				SDKROOT = macosx;
			};
			name = Debug;
		};
		5DB1EF9C171B90CD00B1690B /* Release */ = {
			isa = XCBuildConfiguration;
			buildSettings = {
				ALWAYS_SEARCH_USER_PATHS = NO;
				ARCHS = "$(ARCHS_STANDARD_64_BIT)";
				CLANG_CXX_LANGUAGE_STANDARD = "gnu++0x";
				CLANG_CXX_LIBRARY = "libc++";
				CLANG_WARN_CONSTANT_CONVERSION = YES;
				CLANG_WARN_EMPTY_BODY = YES;
				CLANG_WARN_ENUM_CONVERSION = YES;
				CLANG_WARN_INT_CONVERSION = YES;
				CLANG_WARN__DUPLICATE_METHOD_MATCH = YES;
				COPY_PHASE_STRIP = YES;
				DEBUG_INFORMATION_FORMAT = "dwarf-with-dsym";
				GCC_C_LANGUAGE_STANDARD = gnu99;
				GCC_ENABLE_OBJC_EXCEPTIONS = YES;
				GCC_WARN_64_TO_32_BIT_CONVERSION = YES;
				GCC_WARN_ABOUT_RETURN_TYPE = YES;
				GCC_WARN_UNINITIALIZED_AUTOS = YES;
				GCC_WARN_UNUSED_VARIABLE = YES;
				MACOSX_DEPLOYMENT_TARGET = 10.7;
				SDKROOT = macosx;
			};
			name = Release;
		};
		5DB1EF9E171B90CD00B1690B /* Debug */ = {
			isa = XCBuildConfiguration;
			buildSettings = {
				PRODUCT_NAME = "$(TARGET_NAME)";
			};
			name = Debug;
		};
		5DB1EF9F171B90CD00B1690B /* Release */ = {
			isa = XCBuildConfiguration;
			buildSettings = {
				PRODUCT_NAME = "$(TARGET_NAME)";
			};
			name = Release;
		};
/* End XCBuildConfiguration section */

/* Begin XCConfigurationList section */
		5DB1EF8F171B90CD00B1690B /* Build configuration list for PBXProject "call-by-reference" */ = {
			isa = XCConfigurationList;
			buildConfigurations = (
				5DB1EF9B171B90CD00B1690B /* Debug */,
				5DB1EF9C171B90CD00B1690B /* Release */,
			);
			defaultConfigurationIsVisible = 0;
			defaultConfigurationName = Release;
		};
		5DB1EF9D171B90CD00B1690B /* Build configuration list for PBXNativeTarget "call-by-reference" */ = {
			isa = XCConfigurationList;
			buildConfigurations = (
				5DB1EF9E171B90CD00B1690B /* Debug */,
				5DB1EF9F171B90CD00B1690B /* Release */,
			);
			defaultConfigurationIsVisible = 0;
		};
/* End XCConfigurationList section */
	};
	rootObject = 5DB1EF8C171B90CD00B1690B /* Project object */;
}
