// !$*UTF8*$!
{
	archiveVersion = 1;
	classes = {
	};
	objectVersion = 46;
	objects = {

/* Begin PBXBuildFile section */
		5D2151BA16D44EF40069728C /* main.cpp in Sources */ = {isa = PBXBuildFile; fileRef = 5D2151B916D44EF40069728C /* main.cpp */; };
		5D2151BC16D44EF50069728C /* BMR.1 in CopyFiles */ = {isa = PBXBuildFile; fileRef = 5D2151BB16D44EF50069728C /* BMR.1 */; };
/* End PBXBuildFile section */

/* Begin PBXCopyFilesBuildPhase section */
		5D2151B316D44EF40069728C /* CopyFiles */ = {
			isa = PBXCopyFilesBuildPhase;
			buildActionMask = 2147483647;
			dstPath = /usr/share/man/man1/;
			dstSubfolderSpec = 0;
			files = (
				5D2151BC16D44EF50069728C /* BMR.1 in CopyFiles */,
			);
			runOnlyForDeploymentPostprocessing = 1;
		};
/* End PBXCopyFilesBuildPhase section */

/* Begin PBXFileReference section */
		5D2151B516D44EF40069728C /* BMR */ = {isa = PBXFileReference; explicitFileType = "compiled.mach-o.executable"; includeInIndex = 0; path = BMR; sourceTree = BUILT_PRODUCTS_DIR; };
		5D2151B916D44EF40069728C /* main.cpp */ = {isa = PBXFileReference; lastKnownFileType = sourcecode.cpp.cpp; path = main.cpp; sourceTree = "<group>"; };
		5D2151BB16D44EF50069728C /* BMR.1 */ = {isa = PBXFileReference; lastKnownFileType = text.man; path = BMR.1; sourceTree = "<group>"; };
/* End PBXFileReference section */

/* Begin PBXFrameworksBuildPhase section */
		5D2151B216D44EF40069728C /* Frameworks */ = {
			isa = PBXFrameworksBuildPhase;
			buildActionMask = 2147483647;
			files = (
			);
			runOnlyForDeploymentPostprocessing = 0;
		};
/* End PBXFrameworksBuildPhase section */

/* Begin PBXGroup section */
		5D2151AA16D44EF40069728C = {
			isa = PBXGroup;
			children = (
				5D2151B816D44EF40069728C /* BMR */,
				5D2151B616D44EF40069728C /* Products */,
			);
			sourceTree = "<group>";
		};
		5D2151B616D44EF40069728C /* Products */ = {
			isa = PBXGroup;
			children = (
				5D2151B516D44EF40069728C /* BMR */,
			);
			name = Products;
			sourceTree = "<group>";
		};
		5D2151B816D44EF40069728C /* BMR */ = {
			isa = PBXGroup;
			children = (
				5D2151B916D44EF40069728C /* main.cpp */,
				5D2151BB16D44EF50069728C /* BMR.1 */,
			);
			path = BMR;
			sourceTree = "<group>";
		};
/* End PBXGroup section */

/* Begin PBXNativeTarget section */
		5D2151B416D44EF40069728C /* BMR */ = {
			isa = PBXNativeTarget;
			buildConfigurationList = 5D2151BF16D44EF50069728C /* Build configuration list for PBXNativeTarget "BMR" */;
			buildPhases = (
				5D2151B116D44EF40069728C /* Sources */,
				5D2151B216D44EF40069728C /* Frameworks */,
				5D2151B316D44EF40069728C /* CopyFiles */,
			);
			buildRules = (
			);
			dependencies = (
			);
			name = BMR;
			productName = BMR;
			productReference = 5D2151B516D44EF40069728C /* BMR */;
			productType = "com.apple.product-type.tool";
		};
/* End PBXNativeTarget section */

/* Begin PBXProject section */
		5D2151AC16D44EF40069728C /* Project object */ = {
			isa = PBXProject;
			attributes = {
				LastUpgradeCheck = 0450;
				ORGANIZATIONNAME = "Nick Monaco";
			};
			buildConfigurationList = 5D2151AF16D44EF40069728C /* Build configuration list for PBXProject "BMR" */;
			compatibilityVersion = "Xcode 3.2";
			developmentRegion = English;
			hasScannedForEncodings = 0;
			knownRegions = (
				en,
			);
			mainGroup = 5D2151AA16D44EF40069728C;
			productRefGroup = 5D2151B616D44EF40069728C /* Products */;
			projectDirPath = "";
			projectRoot = "";
			targets = (
				5D2151B416D44EF40069728C /* BMR */,
			);
		};
/* End PBXProject section */

/* Begin PBXSourcesBuildPhase section */
		5D2151B116D44EF40069728C /* Sources */ = {
			isa = PBXSourcesBuildPhase;
			buildActionMask = 2147483647;
			files = (
				5D2151BA16D44EF40069728C /* main.cpp in Sources */,
			);
			runOnlyForDeploymentPostprocessing = 0;
		};
/* End PBXSourcesBuildPhase section */

/* Begin XCBuildConfiguration section */
		5D2151BD16D44EF50069728C /* Debug */ = {
			isa = XCBuildConfiguration;
			buildSettings = {
				ALWAYS_SEARCH_USER_PATHS = NO;
				ARCHS = "$(ARCHS_STANDARD_64_BIT)";
				CLANG_CXX_LANGUAGE_STANDARD = "gnu++0x";
				CLANG_CXX_LIBRARY = "libc++";
				CLANG_WARN_EMPTY_BODY = YES;
				CLANG_WARN__DUPLICATE_METHOD_MATCH = YES;
				COPY_PHASE_STRIP = NO;
				GCC_C_LANGUAGE_STANDARD = gnu99;
				GCC_DYNAMIC_NO_PIC = NO;
				GCC_ENABLE_OBJC_EXCEPTIONS = YES;
				GCC_OPTIMIZATION_LEVEL = 0;
				GCC_PREPROCESSOR_DEFINITIONS = (
					"DEBUG=1",
					"$(inherited)",
				);
				GCC_SYMBOLS_PRIVATE_EXTERN = NO;
				GCC_WARN_64_TO_32_BIT_CONVERSION = YES;
				GCC_WARN_ABOUT_RETURN_TYPE = YES;
				GCC_WARN_UNINITIALIZED_AUTOS = YES;
				GCC_WARN_UNUSED_VARIABLE = YES;
				MACOSX_DEPLOYMENT_TARGET = 10.7;
				ONLY_ACTIVE_ARCH = YES;
				SDKROOT = macosx;
			};
			name = Debug;
		};
		5D2151BE16D44EF50069728C /* Release */ = {
			isa = XCBuildConfiguration;
			buildSettings = {
				ALWAYS_SEARCH_USER_PATHS = NO;
				ARCHS = "$(ARCHS_STANDARD_64_BIT)";
				CLANG_CXX_LANGUAGE_STANDARD = "gnu++0x";
				CLANG_CXX_LIBRARY = "libc++";
				CLANG_WARN_EMPTY_BODY = YES;
				CLANG_WARN__DUPLICATE_METHOD_MATCH = YES;
				COPY_PHASE_STRIP = YES;
				DEBUG_INFORMATION_FORMAT = "dwarf-with-dsym";
				GCC_C_LANGUAGE_STANDARD = gnu99;
				GCC_ENABLE_OBJC_EXCEPTIONS = YES;
				GCC_WARN_64_TO_32_BIT_CONVERSION = YES;
				GCC_WARN_ABOUT_RETURN_TYPE = YES;
				GCC_WARN_UNINITIALIZED_AUTOS = YES;
				GCC_WARN_UNUSED_VARIABLE = YES;
				MACOSX_DEPLOYMENT_TARGET = 10.7;
				SDKROOT = macosx;
			};
			name = Release;
		};
		5D2151C016D44EF50069728C /* Debug */ = {
			isa = XCBuildConfiguration;
			buildSettings = {
				PRODUCT_NAME = "$(TARGET_NAME)";
			};
			name = Debug;
		};
		5D2151C116D44EF50069728C /* Release */ = {
			isa = XCBuildConfiguration;
			buildSettings = {
				PRODUCT_NAME = "$(TARGET_NAME)";
			};
			name = Release;
		};
/* End XCBuildConfiguration section */

/* Begin XCConfigurationList section */
		5D2151AF16D44EF40069728C /* Build configuration list for PBXProject "BMR" */ = {
			isa = XCConfigurationList;
			buildConfigurations = (
				5D2151BD16D44EF50069728C /* Debug */,
				5D2151BE16D44EF50069728C /* Release */,
			);
			defaultConfigurationIsVisible = 0;
			defaultConfigurationName = Release;
		};
		5D2151BF16D44EF50069728C /* Build configuration list for PBXNativeTarget "BMR" */ = {
			isa = XCConfigurationList;
			buildConfigurations = (
				5D2151C016D44EF50069728C /* Debug */,
				5D2151C116D44EF50069728C /* Release */,
			);
			defaultConfigurationIsVisible = 0;
		};
/* End XCConfigurationList section */
	};
	rootObject = 5D2151AC16D44EF40069728C /* Project object */;
}
