// !$*UTF8*$!
{
	archiveVersion = 1;
	classes = {
	};
	objectVersion = 46;
	objects = {

/* Begin PBXBuildFile section */
		5DF0F2C3170CB3D500C3E844 /* main.cpp in Sources */ = {isa = PBXBuildFile; fileRef = 5DF0F2C2170CB3D500C3E844 /* main.cpp */; };
		5DF0F2C5170CB3D500C3E844 /* coin_toss.1 in CopyFiles */ = {isa = PBXBuildFile; fileRef = 5DF0F2C4170CB3D500C3E844 /* coin_toss.1 */; };
/* End PBXBuildFile section */

/* Begin PBXCopyFilesBuildPhase section */
		5DF0F2BD170CB3D500C3E844 /* CopyFiles */ = {
			isa = PBXCopyFilesBuildPhase;
			buildActionMask = 2147483647;
			dstPath = /usr/share/man/man1/;
			dstSubfolderSpec = 0;
			files = (
				5DF0F2C5170CB3D500C3E844 /* coin_toss.1 in CopyFiles */,
			);
			runOnlyForDeploymentPostprocessing = 1;
		};
/* End PBXCopyFilesBuildPhase section */

/* Begin PBXFileReference section */
		5DF0F2BF170CB3D500C3E844 /* coin toss */ = {isa = PBXFileReference; explicitFileType = "compiled.mach-o.executable"; includeInIndex = 0; path = "coin toss"; sourceTree = BUILT_PRODUCTS_DIR; };
		5DF0F2C2170CB3D500C3E844 /* main.cpp */ = {isa = PBXFileReference; lastKnownFileType = sourcecode.cpp.cpp; path = main.cpp; sourceTree = "<group>"; };
		5DF0F2C4170CB3D500C3E844 /* coin_toss.1 */ = {isa = PBXFileReference; lastKnownFileType = text.man; path = coin_toss.1; sourceTree = "<group>"; };
/* End PBXFileReference section */

/* Begin PBXFrameworksBuildPhase section */
		5DF0F2BC170CB3D500C3E844 /* Frameworks */ = {
			isa = PBXFrameworksBuildPhase;
			buildActionMask = 2147483647;
			files = (
			);
			runOnlyForDeploymentPostprocessing = 0;
		};
/* End PBXFrameworksBuildPhase section */

/* Begin PBXGroup section */
		5DF0F2B6170CB3D500C3E844 = {
			isa = PBXGroup;
			children = (
				5DF0F2C1170CB3D500C3E844 /* coin toss */,
				5DF0F2C0170CB3D500C3E844 /* Products */,
			);
			sourceTree = "<group>";
		};
		5DF0F2C0170CB3D500C3E844 /* Products */ = {
			isa = PBXGroup;
			children = (
				5DF0F2BF170CB3D500C3E844 /* coin toss */,
			);
			name = Products;
			sourceTree = "<group>";
		};
		5DF0F2C1170CB3D500C3E844 /* coin toss */ = {
			isa = PBXGroup;
			children = (
				5DF0F2C2170CB3D500C3E844 /* main.cpp */,
				5DF0F2C4170CB3D500C3E844 /* coin_toss.1 */,
			);
			path = "coin toss";
			sourceTree = "<group>";
		};
/* End PBXGroup section */

/* Begin PBXNativeTarget section */
		5DF0F2BE170CB3D500C3E844 /* coin toss */ = {
			isa = PBXNativeTarget;
			buildConfigurationList = 5DF0F2C8170CB3D500C3E844 /* Build configuration list for PBXNativeTarget "coin toss" */;
			buildPhases = (
				5DF0F2BB170CB3D500C3E844 /* Sources */,
				5DF0F2BC170CB3D500C3E844 /* Frameworks */,
				5DF0F2BD170CB3D500C3E844 /* CopyFiles */,
			);
			buildRules = (
			);
			dependencies = (
			);
			name = "coin toss";
			productName = "coin toss";
			productReference = 5DF0F2BF170CB3D500C3E844 /* coin toss */;
			productType = "com.apple.product-type.tool";
		};
/* End PBXNativeTarget section */

/* Begin PBXProject section */
		5DF0F2B7170CB3D500C3E844 /* Project object */ = {
			isa = PBXProject;
			attributes = {
				LastUpgradeCheck = 0460;
				ORGANIZATIONNAME = "Nick Monaco";
			};
			buildConfigurationList = 5DF0F2BA170CB3D500C3E844 /* Build configuration list for PBXProject "coin toss" */;
			compatibilityVersion = "Xcode 3.2";
			developmentRegion = English;
			hasScannedForEncodings = 0;
			knownRegions = (
				en,
			);
			mainGroup = 5DF0F2B6170CB3D500C3E844;
			productRefGroup = 5DF0F2C0170CB3D500C3E844 /* Products */;
			projectDirPath = "";
			projectRoot = "";
			targets = (
				5DF0F2BE170CB3D500C3E844 /* coin toss */,
			);
		};
/* End PBXProject section */

/* Begin PBXSourcesBuildPhase section */
		5DF0F2BB170CB3D500C3E844 /* Sources */ = {
			isa = PBXSourcesBuildPhase;
			buildActionMask = 2147483647;
			files = (
				5DF0F2C3170CB3D500C3E844 /* main.cpp in Sources */,
			);
			runOnlyForDeploymentPostprocessing = 0;
		};
/* End PBXSourcesBuildPhase section */

/* Begin XCBuildConfiguration section */
		5DF0F2C6170CB3D500C3E844 /* Debug */ = {
			isa = XCBuildConfiguration;
			buildSettings = {
				ALWAYS_SEARCH_USER_PATHS = NO;
				ARCHS = "$(ARCHS_STANDARD_64_BIT)";
				CLANG_CXX_LANGUAGE_STANDARD = "gnu++0x";
				CLANG_CXX_LIBRARY = "libc++";
				CLANG_WARN_CONSTANT_CONVERSION = YES;
				CLANG_WARN_EMPTY_BODY = YES;
				CLANG_WARN_ENUM_CONVERSION = YES;
				CLANG_WARN_INT_CONVERSION = YES;
				CLANG_WARN__DUPLICATE_METHOD_MATCH = YES;
				COPY_PHASE_STRIP = NO;
				GCC_C_LANGUAGE_STANDARD = gnu99;
				GCC_DYNAMIC_NO_PIC = NO;
				GCC_ENABLE_OBJC_EXCEPTIONS = YES;
				GCC_OPTIMIZATION_LEVEL = 0;
				GCC_PREPROCESSOR_DEFINITIONS = (
					"DEBUG=1",
					"$(inherited)",
				);
				GCC_SYMBOLS_PRIVATE_EXTERN = NO;
				GCC_WARN_64_TO_32_BIT_CONVERSION = YES;
				GCC_WARN_ABOUT_RETURN_TYPE = YES;
				GCC_WARN_UNINITIALIZED_AUTOS = YES;
				GCC_WARN_UNUSED_VARIABLE = YES;
				MACOSX_DEPLOYMENT_TARGET = 10.7;
				ONLY_ACTIVE_ARCH = YES;
				SDKROOT = macosx;
			};
			name = Debug;
		};
		5DF0F2C7170CB3D500C3E844 /* Release */ = {
			isa = XCBuildConfiguration;
			buildSettings = {
				ALWAYS_SEARCH_USER_PATHS = NO;
				ARCHS = "$(ARCHS_STANDARD_64_BIT)";
				CLANG_CXX_LANGUAGE_STANDARD = "gnu++0x";
				CLANG_CXX_LIBRARY = "libc++";
				CLANG_WARN_CONSTANT_CONVERSION = YES;
				CLANG_WARN_EMPTY_BODY = YES;
				CLANG_WARN_ENUM_CONVERSION = YES;
				CLANG_WARN_INT_CONVERSION = YES;
				CLANG_WARN__DUPLICATE_METHOD_MATCH = YES;
				COPY_PHASE_STRIP = YES;
				DEBUG_INFORMATION_FORMAT = "dwarf-with-dsym";
				GCC_C_LANGUAGE_STANDARD = gnu99;
				GCC_ENABLE_OBJC_EXCEPTIONS = YES;
				GCC_WARN_64_TO_32_BIT_CONVERSION = YES;
				GCC_WARN_ABOUT_RETURN_TYPE = YES;
				GCC_WARN_UNINITIALIZED_AUTOS = YES;
				GCC_WARN_UNUSED_VARIABLE = YES;
				MACOSX_DEPLOYMENT_TARGET = 10.7;
				SDKROOT = macosx;
			};
			name = Release;
		};
		5DF0F2C9170CB3D500C3E844 /* Debug */ = {
			isa = XCBuildConfiguration;
			buildSettings = {
				PRODUCT_NAME = "$(TARGET_NAME)";
			};
			name = Debug;
		};
		5DF0F2CA170CB3D500C3E844 /* Release */ = {
			isa = XCBuildConfiguration;
			buildSettings = {
				PRODUCT_NAME = "$(TARGET_NAME)";
			};
			name = Release;
		};
/* End XCBuildConfiguration section */

/* Begin XCConfigurationList section */
		5DF0F2BA170CB3D500C3E844 /* Build configuration list for PBXProject "coin toss" */ = {
			isa = XCConfigurationList;
			buildConfigurations = (
				5DF0F2C6170CB3D500C3E844 /* Debug */,
				5DF0F2C7170CB3D500C3E844 /* Release */,
			);
			defaultConfigurationIsVisible = 0;
			defaultConfigurationName = Release;
		};
		5DF0F2C8170CB3D500C3E844 /* Build configuration list for PBXNativeTarget "coin toss" */ = {
			isa = XCConfigurationList;
			buildConfigurations = (
				5DF0F2C9170CB3D500C3E844 /* Debug */,
				5DF0F2CA170CB3D500C3E844 /* Release */,
			);
			defaultConfigurationIsVisible = 0;
		};
/* End XCConfigurationList section */
	};
	rootObject = 5DF0F2B7170CB3D500C3E844 /* Project object */;
}
